
Microsoft Visual Studio Solution File, Format Version 12.00
# Visual Studio Version 17
VisualStudioVersion = 17.14.36908.2 d17.14
MinimumVisualStudioVersion = 10.0.40219.1
Project("{FAE04EC0-301F-11D3-BF4B-00C04F79EFBC}") = "BBPRewiredCompat", "BBPRewiredCompat.csproj", "{CAEF093E-1D67-4087-A36A-9C954F411F4C}"
EndProject
Global
	GlobalSection(SolutionConfigurationPlatforms) = preSolution
		Debug|Any CPU = Debug|Any CPU
		Release|Any CPU = Release|Any CPU
	EndGlobalSection
	GlobalSection(ProjectConfigurationPlatforms) = postSolution
		{CAEF093E-1D67-4087-A36A-9C954F411F4C}.Debug|Any CPU.ActiveCfg = Debug|Any CPU
		{CAEF093E-1D67-4087-A36A-9C954F411F4C}.Debug|Any CPU.Build.0 = Debug|Any CPU
		{CAEF093E-1D67-4087-A36A-9C954F411F4C}.Release|Any CPU.ActiveCfg = Release|Any CPU
		{CAEF093E-1D67-4087-A36A-9C954F411F4C}.Release|Any CPU.Build.0 = Release|Any CPU
	EndGlobalSection
	GlobalSection(SolutionProperties) = preSolution
		HideSolutionNode = FALSE
	EndGlobalSection
	GlobalSection(ExtensibilityGlobals) = postSolution
		SolutionGuid = {A133B1F3-2453-4082-8049-03CDF5C48B6B}
	EndGlobalSection
EndGlobal
